// !$*UTF8*$!
{
	archiveVersion = 1;
	classes = {
	};
	objectVersion = 77;
	objects = {

/* Begin PBXBuildFile section */
		0921825CCD4E692C190412C1 /* Pods_GitHubAPISampleApp_GitHubAPISampleAppUITests.framework in Frameworks */ = {isa = PBXBuildFile; fileRef = C77879DDDB553800458E201C /* Pods_GitHubAPISampleApp_GitHubAPISampleAppUITests.framework */; };
		74CD79318AEE472DC356B0D9 /* Pods_GitHubAPISampleAppTests.framework in Frameworks */ = {isa = PBXBuildFile; fileRef = 294848F9FE06F9CC4C25C569 /* Pods_GitHubAPISampleAppTests.framework */; };
		76AC7B6DE160CB9A2910062E /* Pods_GitHubAPISampleApp.framework in Frameworks */ = {isa = PBXBuildFile; fileRef = BEA53349DA3660AD14589862 /* Pods_GitHubAPISampleApp.framework */; };
/* End PBXBuildFile section */

/* Begin PBXContainerItemProxy section */
		1521D0782D39B60300E7EA9A /* PBXContainerItemProxy */ = {
			isa = PBXContainerItemProxy;
			containerPortal = 1521D0592D39B60100E7EA9A /* Project object */;
			proxyType = 1;
			remoteGlobalIDString = 1521D0602D39B60100E7EA9A;
			remoteInfo = GitHubAPISampleApp;
		};
		1521D0822D39B60300E7EA9A /* PBXContainerItemProxy */ = {
			isa = PBXContainerItemProxy;
			containerPortal = 1521D0592D39B60100E7EA9A /* Project object */;
			proxyType = 1;
			remoteGlobalIDString = 1521D0602D39B60100E7EA9A;
			remoteInfo = GitHubAPISampleApp;
		};
/* End PBXContainerItemProxy section */

/* Begin PBXFileReference section */
		1521D0612D39B60100E7EA9A /* GitHubAPISampleApp.app */ = {isa = PBXFileReference; explicitFileType = wrapper.application; includeInIndex = 0; path = GitHubAPISampleApp.app; sourceTree = BUILT_PRODUCTS_DIR; };
		1521D0772D39B60300E7EA9A /* GitHubAPISampleAppTests.xctest */ = {isa = PBXFileReference; explicitFileType = wrapper.cfbundle; includeInIndex = 0; path = GitHubAPISampleAppTests.xctest; sourceTree = BUILT_PRODUCTS_DIR; };
		1521D0812D39B60300E7EA9A /* GitHubAPISampleAppUITests.xctest */ = {isa = PBXFileReference; explicitFileType = wrapper.cfbundle; includeInIndex = 0; path = GitHubAPISampleAppUITests.xctest; sourceTree = BUILT_PRODUCTS_DIR; };
		294848F9FE06F9CC4C25C569 /* Pods_GitHubAPISampleAppTests.framework */ = {isa = PBXFileReference; explicitFileType = wrapper.framework; includeInIndex = 0; path = Pods_GitHubAPISampleAppTests.framework; sourceTree = BUILT_PRODUCTS_DIR; };
		2A5A756183D6CDA800D7B5E5 /* Pods-GitHubAPISampleApp-GitHubAPISampleAppUITests.release.xcconfig */ = {isa = PBXFileReference; includeInIndex = 1; lastKnownFileType = text.xcconfig; name = "Pods-GitHubAPISampleApp-GitHubAPISampleAppUITests.release.xcconfig"; path = "Target Support Files/Pods-GitHubAPISampleApp-GitHubAPISampleAppUITests/Pods-GitHubAPISampleApp-GitHubAPISampleAppUITests.release.xcconfig"; sourceTree = "<group>"; };
		35FBB10A3C24F0FE12397AEF /* Pods-GitHubAPISampleApp.release.xcconfig */ = {isa = PBXFileReference; includeInIndex = 1; lastKnownFileType = text.xcconfig; name = "Pods-GitHubAPISampleApp.release.xcconfig"; path = "Target Support Files/Pods-GitHubAPISampleApp/Pods-GitHubAPISampleApp.release.xcconfig"; sourceTree = "<group>"; };
		38581625EAA113D5F6571B1A /* Pods-GitHubAPISampleAppTests.release.xcconfig */ = {isa = PBXFileReference; includeInIndex = 1; lastKnownFileType = text.xcconfig; name = "Pods-GitHubAPISampleAppTests.release.xcconfig"; path = "Target Support Files/Pods-GitHubAPISampleAppTests/Pods-GitHubAPISampleAppTests.release.xcconfig"; sourceTree = "<group>"; };
		5B1601DD01934E8CDCB132F0 /* Pods-GitHubAPISampleAppTests.debug.xcconfig */ = {isa = PBXFileReference; includeInIndex = 1; lastKnownFileType = text.xcconfig; name = "Pods-GitHubAPISampleAppTests.debug.xcconfig"; path = "Target Support Files/Pods-GitHubAPISampleAppTests/Pods-GitHubAPISampleAppTests.debug.xcconfig"; sourceTree = "<group>"; };
		BEA53349DA3660AD14589862 /* Pods_GitHubAPISampleApp.framework */ = {isa = PBXFileReference; explicitFileType = wrapper.framework; includeInIndex = 0; path = Pods_GitHubAPISampleApp.framework; sourceTree = BUILT_PRODUCTS_DIR; };
		C77879DDDB553800458E201C /* Pods_GitHubAPISampleApp_GitHubAPISampleAppUITests.framework */ = {isa = PBXFileReference; explicitFileType = wrapper.framework; includeInIndex = 0; path = Pods_GitHubAPISampleApp_GitHubAPISampleAppUITests.framework; sourceTree = BUILT_PRODUCTS_DIR; };
		F56E8A70F7ABC9A29617B581 /* Pods-GitHubAPISampleApp-GitHubAPISampleAppUITests.debug.xcconfig */ = {isa = PBXFileReference; includeInIndex = 1; lastKnownFileType = text.xcconfig; name = "Pods-GitHubAPISampleApp-GitHubAPISampleAppUITests.debug.xcconfig"; path = "Target Support Files/Pods-GitHubAPISampleApp-GitHubAPISampleAppUITests/Pods-GitHubAPISampleApp-GitHubAPISampleAppUITests.debug.xcconfig"; sourceTree = "<group>"; };
		F97EA7A7548511D4D8F3999D /* Pods-GitHubAPISampleApp.debug.xcconfig */ = {isa = PBXFileReference; includeInIndex = 1; lastKnownFileType = text.xcconfig; name = "Pods-GitHubAPISampleApp.debug.xcconfig"; path = "Target Support Files/Pods-GitHubAPISampleApp/Pods-GitHubAPISampleApp.debug.xcconfig"; sourceTree = "<group>"; };
/* End PBXFileReference section */

/* Begin PBXFileSystemSynchronizedBuildFileExceptionSet section */
		1521D0892D39B60300E7EA9A /* Exceptions for "GitHubAPISampleApp" folder in "GitHubAPISampleApp" target */ = {
			isa = PBXFileSystemSynchronizedBuildFileExceptionSet;
			membershipExceptions = (
				Info.plist,
			);
			target = 1521D0602D39B60100E7EA9A /* GitHubAPISampleApp */;
		};
/* End PBXFileSystemSynchronizedBuildFileExceptionSet section */

/* Begin PBXFileSystemSynchronizedRootGroup section */
		1521D0632D39B60100E7EA9A /* GitHubAPISampleApp */ = {
			isa = PBXFileSystemSynchronizedRootGroup;
			exceptions = (
				1521D0892D39B60300E7EA9A /* Exceptions for "GitHubAPISampleApp" folder in "GitHubAPISampleApp" target */,
			);
			path = GitHubAPISampleApp;
			sourceTree = "<group>";
		};
		1521D07A2D39B60300E7EA9A /* GitHubAPISampleAppTests */ = {
			isa = PBXFileSystemSynchronizedRootGroup;
			path = GitHubAPISampleAppTests;
			sourceTree = "<group>";
		};
		1521D0842D39B60300E7EA9A /* GitHubAPISampleAppUITests */ = {
			isa = PBXFileSystemSynchronizedRootGroup;
			path = GitHubAPISampleAppUITests;
			sourceTree = "<group>";
		};
/* End PBXFileSystemSynchronizedRootGroup section */

/* Begin PBXFrameworksBuildPhase section */
		1521D05E2D39B60100E7EA9A /* Frameworks */ = {
			isa = PBXFrameworksBuildPhase;
			buildActionMask = 2147483647;
			files = (
				76AC7B6DE160CB9A2910062E /* Pods_GitHubAPISampleApp.framework in Frameworks */,
			);
			runOnlyForDeploymentPostprocessing = 0;
		};
		1521D0742D39B60300E7EA9A /* Frameworks */ = {
			isa = PBXFrameworksBuildPhase;
			buildActionMask = 2147483647;
			files = (
				74CD79318AEE472DC356B0D9 /* Pods_GitHubAPISampleAppTests.framework in Frameworks */,
			);
			runOnlyForDeploymentPostprocessing = 0;
		};
		1521D07E2D39B60300E7EA9A /* Frameworks */ = {
			isa = PBXFrameworksBuildPhase;
			buildActionMask = 2147483647;
			files = (
				0921825CCD4E692C190412C1 /* Pods_GitHubAPISampleApp_GitHubAPISampleAppUITests.framework in Frameworks */,
			);
			runOnlyForDeploymentPostprocessing = 0;
		};
/* End PBXFrameworksBuildPhase section */

/* Begin PBXGroup section */
		0A9AF8CEFC11E5EE7B3DA369 /* Frameworks */ = {
			isa = PBXGroup;
			children = (
				BEA53349DA3660AD14589862 /* Pods_GitHubAPISampleApp.framework */,
				C77879DDDB553800458E201C /* Pods_GitHubAPISampleApp_GitHubAPISampleAppUITests.framework */,
				294848F9FE06F9CC4C25C569 /* Pods_GitHubAPISampleAppTests.framework */,
			);
			name = Frameworks;
			sourceTree = "<group>";
		};
		1521D0582D39B60100E7EA9A = {
			isa = PBXGroup;
			children = (
				1521D0632D39B60100E7EA9A /* GitHubAPISampleApp */,
				1521D07A2D39B60300E7EA9A /* GitHubAPISampleAppTests */,
				1521D0842D39B60300E7EA9A /* GitHubAPISampleAppUITests */,
				1521D0622D39B60100E7EA9A /* Products */,
				38F620F21D3C9E3256BD4043 /* Pods */,
				0A9AF8CEFC11E5EE7B3DA369 /* Frameworks */,
			);
			sourceTree = "<group>";
		};
		1521D0622D39B60100E7EA9A /* Products */ = {
			isa = PBXGroup;
			children = (
				1521D0612D39B60100E7EA9A /* GitHubAPISampleApp.app */,
				1521D0772D39B60300E7EA9A /* GitHubAPISampleAppTests.xctest */,
				1521D0812D39B60300E7EA9A /* GitHubAPISampleAppUITests.xctest */,
			);
			name = Products;
			sourceTree = "<group>";
		};
		38F620F21D3C9E3256BD4043 /* Pods */ = {
			isa = PBXGroup;
			children = (
				F97EA7A7548511D4D8F3999D /* Pods-GitHubAPISampleApp.debug.xcconfig */,
				35FBB10A3C24F0FE12397AEF /* Pods-GitHubAPISampleApp.release.xcconfig */,
				F56E8A70F7ABC9A29617B581 /* Pods-GitHubAPISampleApp-GitHubAPISampleAppUITests.debug.xcconfig */,
				2A5A756183D6CDA800D7B5E5 /* Pods-GitHubAPISampleApp-GitHubAPISampleAppUITests.release.xcconfig */,
				5B1601DD01934E8CDCB132F0 /* Pods-GitHubAPISampleAppTests.debug.xcconfig */,
				38581625EAA113D5F6571B1A /* Pods-GitHubAPISampleAppTests.release.xcconfig */,
			);
			path = Pods;
			sourceTree = "<group>";
		};
/* End PBXGroup section */

/* Begin PBXNativeTarget section */
		1521D0602D39B60100E7EA9A /* GitHubAPISampleApp */ = {
			isa = PBXNativeTarget;
			buildConfigurationList = 1521D08A2D39B60300E7EA9A /* Build configuration list for PBXNativeTarget "GitHubAPISampleApp" */;
			buildPhases = (
				BBA2F2C7A9F66650B23606B8 /* [CP] Check Pods Manifest.lock */,
				1521D05D2D39B60100E7EA9A /* Sources */,
				1521D05E2D39B60100E7EA9A /* Frameworks */,
				1521D05F2D39B60100E7EA9A /* Resources */,
				587F5CAFBCCA14197C6A9246 /* [CP] Embed Pods Frameworks */,
			);
			buildRules = (
			);
			dependencies = (
			);
			fileSystemSynchronizedGroups = (
				1521D0632D39B60100E7EA9A /* GitHubAPISampleApp */,
			);
			name = GitHubAPISampleApp;
			productName = GitHubAPISampleApp;
			productReference = 1521D0612D39B60100E7EA9A /* GitHubAPISampleApp.app */;
			productType = "com.apple.product-type.application";
		};
		1521D0762D39B60300E7EA9A /* GitHubAPISampleAppTests */ = {
			isa = PBXNativeTarget;
			buildConfigurationList = 1521D08F2D39B60300E7EA9A /* Build configuration list for PBXNativeTarget "GitHubAPISampleAppTests" */;
			buildPhases = (
				89E5C5C5E5267462A4E0C6CB /* [CP] Check Pods Manifest.lock */,
				1521D0732D39B60300E7EA9A /* Sources */,
				1521D0742D39B60300E7EA9A /* Frameworks */,
				1521D0752D39B60300E7EA9A /* Resources */,
				CF1B905CE947FBD7E196494B /* [CP] Embed Pods Frameworks */,
			);
			buildRules = (
			);
			dependencies = (
				1521D0792D39B60300E7EA9A /* PBXTargetDependency */,
			);
			fileSystemSynchronizedGroups = (
				1521D07A2D39B60300E7EA9A /* GitHubAPISampleAppTests */,
			);
			name = GitHubAPISampleAppTests;
			productName = GitHubAPISampleAppTests;
			productReference = 1521D0772D39B60300E7EA9A /* GitHubAPISampleAppTests.xctest */;
			productType = "com.apple.product-type.bundle.unit-test";
		};
		1521D0802D39B60300E7EA9A /* GitHubAPISampleAppUITests */ = {
			isa = PBXNativeTarget;
			buildConfigurationList = 1521D0922D39B60300E7EA9A /* Build configuration list for PBXNativeTarget "GitHubAPISampleAppUITests" */;
			buildPhases = (
				F73C3EAF684E46DA34C8FB04 /* [CP] Check Pods Manifest.lock */,
				1521D07D2D39B60300E7EA9A /* Sources */,
				1521D07E2D39B60300E7EA9A /* Frameworks */,
				1521D07F2D39B60300E7EA9A /* Resources */,
				DA253272D13807F8AECE158B /* [CP] Embed Pods Frameworks */,
			);
			buildRules = (
			);
			dependencies = (
				1521D0832D39B60300E7EA9A /* PBXTargetDependency */,
			);
			fileSystemSynchronizedGroups = (
				1521D0842D39B60300E7EA9A /* GitHubAPISampleAppUITests */,
			);
			name = GitHubAPISampleAppUITests;
			productName = GitHubAPISampleAppUITests;
			productReference = 1521D0812D39B60300E7EA9A /* GitHubAPISampleAppUITests.xctest */;
			productType = "com.apple.product-type.bundle.ui-testing";
		};
/* End PBXNativeTarget section */

/* Begin PBXProject section */
		1521D0592D39B60100E7EA9A /* Project object */ = {
			isa = PBXProject;
			attributes = {
				BuildIndependentTargetsInParallel = 1;
				LastSwiftUpdateCheck = 1620;
				LastUpgradeCheck = 1620;
				TargetAttributes = {
					1521D0602D39B60100E7EA9A = {
						CreatedOnToolsVersion = 16.2;
					};
					1521D0762D39B60300E7EA9A = {
						CreatedOnToolsVersion = 16.2;
						TestTargetID = 1521D0602D39B60100E7EA9A;
					};
					1521D0802D39B60300E7EA9A = {
						CreatedOnToolsVersion = 16.2;
						TestTargetID = 1521D0602D39B60100E7EA9A;
					};
				};
			};
			buildConfigurationList = 1521D05C2D39B60100E7EA9A /* Build configuration list for PBXProject "GitHubAPISampleApp" */;
			developmentRegion = en;
			hasScannedForEncodings = 0;
			knownRegions = (
				en,
				Base,
			);
			mainGroup = 1521D0582D39B60100E7EA9A;
			minimizedProjectReferenceProxies = 1;
			preferredProjectObjectVersion = 77;
			productRefGroup = 1521D0622D39B60100E7EA9A /* Products */;
			projectDirPath = "";
			projectRoot = "";
			targets = (
				1521D0602D39B60100E7EA9A /* GitHubAPISampleApp */,
				1521D0762D39B60300E7EA9A /* GitHubAPISampleAppTests */,
				1521D0802D39B60300E7EA9A /* GitHubAPISampleAppUITests */,
			);
		};
/* End PBXProject section */

/* Begin PBXResourcesBuildPhase section */
		1521D05F2D39B60100E7EA9A /* Resources */ = {
			isa = PBXResourcesBuildPhase;
			buildActionMask = 2147483647;
			files = (
			);
			runOnlyForDeploymentPostprocessing = 0;
		};
		1521D0752D39B60300E7EA9A /* Resources */ = {
			isa = PBXResourcesBuildPhase;
			buildActionMask = 2147483647;
			files = (
			);
			runOnlyForDeploymentPostprocessing = 0;
		};
		1521D07F2D39B60300E7EA9A /* Resources */ = {
			isa = PBXResourcesBuildPhase;
			buildActionMask = 2147483647;
			files = (
			);
			runOnlyForDeploymentPostprocessing = 0;
		};
/* End PBXResourcesBuildPhase section */

/* Begin PBXShellScriptBuildPhase section */
		587F5CAFBCCA14197C6A9246 /* [CP] Embed Pods Frameworks */ = {
			isa = PBXShellScriptBuildPhase;
			buildActionMask = 2147483647;
			files = (
			);
			inputFileListPaths = (
				"${PODS_ROOT}/Target Support Files/Pods-GitHubAPISampleApp/Pods-GitHubAPISampleApp-frameworks-${CONFIGURATION}-input-files.xcfilelist",
			);
			name = "[CP] Embed Pods Frameworks";
			outputFileListPaths = (
				"${PODS_ROOT}/Target Support Files/Pods-GitHubAPISampleApp/Pods-GitHubAPISampleApp-frameworks-${CONFIGURATION}-output-files.xcfilelist",
			);
			runOnlyForDeploymentPostprocessing = 0;
			shellPath = /bin/sh;
			shellScript = "\"${PODS_ROOT}/Target Support Files/Pods-GitHubAPISampleApp/Pods-GitHubAPISampleApp-frameworks.sh\"\n";
			showEnvVarsInLog = 0;
		};
		89E5C5C5E5267462A4E0C6CB /* [CP] Check Pods Manifest.lock */ = {
			isa = PBXShellScriptBuildPhase;
			buildActionMask = 2147483647;
			files = (
			);
			inputFileListPaths = (
			);
			inputPaths = (
				"${PODS_PODFILE_DIR_PATH}/Podfile.lock",
				"${PODS_ROOT}/Manifest.lock",
			);
			name = "[CP] Check Pods Manifest.lock";
			outputFileListPaths = (
			);
			outputPaths = (
				"$(DERIVED_FILE_DIR)/Pods-GitHubAPISampleAppTests-checkManifestLockResult.txt",
			);
			runOnlyForDeploymentPostprocessing = 0;
			shellPath = /bin/sh;
			shellScript = "diff \"${PODS_PODFILE_DIR_PATH}/Podfile.lock\" \"${PODS_ROOT}/Manifest.lock\" > /dev/null\nif [ $? != 0 ] ; then\n    # print error to STDERR\n    echo \"error: The sandbox is not in sync with the Podfile.lock. Run 'pod install' or update your CocoaPods installation.\" >&2\n    exit 1\nfi\n# This output is used by Xcode 'outputs' to avoid re-running this script phase.\necho \"SUCCESS\" > \"${SCRIPT_OUTPUT_FILE_0}\"\n";
			showEnvVarsInLog = 0;
		};
		BBA2F2C7A9F66650B23606B8 /* [CP] Check Pods Manifest.lock */ = {
			isa = PBXShellScriptBuildPhase;
			buildActionMask = 2147483647;
			files = (
			);
			inputFileListPaths = (
			);
			inputPaths = (
				"${PODS_PODFILE_DIR_PATH}/Podfile.lock",
				"${PODS_ROOT}/Manifest.lock",
			);
			name = "[CP] Check Pods Manifest.lock";
			outputFileListPaths = (
			);
			outputPaths = (
				"$(DERIVED_FILE_DIR)/Pods-GitHubAPISampleApp-checkManifestLockResult.txt",
			);
			runOnlyForDeploymentPostprocessing = 0;
			shellPath = /bin/sh;
			shellScript = "diff \"${PODS_PODFILE_DIR_PATH}/Podfile.lock\" \"${PODS_ROOT}/Manifest.lock\" > /dev/null\nif [ $? != 0 ] ; then\n    # print error to STDERR\n    echo \"error: The sandbox is not in sync with the Podfile.lock. Run 'pod install' or update your CocoaPods installation.\" >&2\n    exit 1\nfi\n# This output is used by Xcode 'outputs' to avoid re-running this script phase.\necho \"SUCCESS\" > \"${SCRIPT_OUTPUT_FILE_0}\"\n";
			showEnvVarsInLog = 0;
		};
		CF1B905CE947FBD7E196494B /* [CP] Embed Pods Frameworks */ = {
			isa = PBXShellScriptBuildPhase;
			buildActionMask = 2147483647;
			files = (
			);
			inputFileListPaths = (
				"${PODS_ROOT}/Target Support Files/Pods-GitHubAPISampleAppTests/Pods-GitHubAPISampleAppTests-frameworks-${CONFIGURATION}-input-files.xcfilelist",
			);
			name = "[CP] Embed Pods Frameworks";
			outputFileListPaths = (
				"${PODS_ROOT}/Target Support Files/Pods-GitHubAPISampleAppTests/Pods-GitHubAPISampleAppTests-frameworks-${CONFIGURATION}-output-files.xcfilelist",
			);
			runOnlyForDeploymentPostprocessing = 0;
			shellPath = /bin/sh;
			shellScript = "\"${PODS_ROOT}/Target Support Files/Pods-GitHubAPISampleAppTests/Pods-GitHubAPISampleAppTests-frameworks.sh\"\n";
			showEnvVarsInLog = 0;
		};
		DA253272D13807F8AECE158B /* [CP] Embed Pods Frameworks */ = {
			isa = PBXShellScriptBuildPhase;
			buildActionMask = 2147483647;
			files = (
			);
			inputFileListPaths = (
				"${PODS_ROOT}/Target Support Files/Pods-GitHubAPISampleApp-GitHubAPISampleAppUITests/Pods-GitHubAPISampleApp-GitHubAPISampleAppUITests-frameworks-${CONFIGURATION}-input-files.xcfilelist",
			);
			name = "[CP] Embed Pods Frameworks";
			outputFileListPaths = (
				"${PODS_ROOT}/Target Support Files/Pods-GitHubAPISampleApp-GitHubAPISampleAppUITests/Pods-GitHubAPISampleApp-GitHubAPISampleAppUITests-frameworks-${CONFIGURATION}-output-files.xcfilelist",
			);
			runOnlyForDeploymentPostprocessing = 0;
			shellPath = /bin/sh;
			shellScript = "\"${PODS_ROOT}/Target Support Files/Pods-GitHubAPISampleApp-GitHubAPISampleAppUITests/Pods-GitHubAPISampleApp-GitHubAPISampleAppUITests-frameworks.sh\"\n";
			showEnvVarsInLog = 0;
		};
		F73C3EAF684E46DA34C8FB04 /* [CP] Check Pods Manifest.lock */ = {
			isa = PBXShellScriptBuildPhase;
			buildActionMask = 2147483647;
			files = (
			);
			inputFileListPaths = (
			);
			inputPaths = (
				"${PODS_PODFILE_DIR_PATH}/Podfile.lock",
				"${PODS_ROOT}/Manifest.lock",
			);
			name = "[CP] Check Pods Manifest.lock";
			outputFileListPaths = (
			);
			outputPaths = (
				"$(DERIVED_FILE_DIR)/Pods-GitHubAPISampleApp-GitHubAPISampleAppUITests-checkManifestLockResult.txt",
			);
			runOnlyForDeploymentPostprocessing = 0;
			shellPath = /bin/sh;
			shellScript = "diff \"${PODS_PODFILE_DIR_PATH}/Podfile.lock\" \"${PODS_ROOT}/Manifest.lock\" > /dev/null\nif [ $? != 0 ] ; then\n    # print error to STDERR\n    echo \"error: The sandbox is not in sync with the Podfile.lock. Run 'pod install' or update your CocoaPods installation.\" >&2\n    exit 1\nfi\n# This output is used by Xcode 'outputs' to avoid re-running this script phase.\necho \"SUCCESS\" > \"${SCRIPT_OUTPUT_FILE_0}\"\n";
			showEnvVarsInLog = 0;
		};
/* End PBXShellScriptBuildPhase section */

/* Begin PBXSourcesBuildPhase section */
		1521D05D2D39B60100E7EA9A /* Sources */ = {
			isa = PBXSourcesBuildPhase;
			buildActionMask = 2147483647;
			files = (
			);
			runOnlyForDeploymentPostprocessing = 0;
		};
		1521D0732D39B60300E7EA9A /* Sources */ = {
			isa = PBXSourcesBuildPhase;
			buildActionMask = 2147483647;
			files = (
			);
			runOnlyForDeploymentPostprocessing = 0;
		};
		1521D07D2D39B60300E7EA9A /* Sources */ = {
			isa = PBXSourcesBuildPhase;
			buildActionMask = 2147483647;
			files = (
			);
			runOnlyForDeploymentPostprocessing = 0;
		};
/* End PBXSourcesBuildPhase section */

/* Begin PBXTargetDependency section */
		1521D0792D39B60300E7EA9A /* PBXTargetDependency */ = {
			isa = PBXTargetDependency;
			target = 1521D0602D39B60100E7EA9A /* GitHubAPISampleApp */;
			targetProxy = 1521D0782D39B60300E7EA9A /* PBXContainerItemProxy */;
		};
		1521D0832D39B60300E7EA9A /* PBXTargetDependency */ = {
			isa = PBXTargetDependency;
			target = 1521D0602D39B60100E7EA9A /* GitHubAPISampleApp */;
			targetProxy = 1521D0822D39B60300E7EA9A /* PBXContainerItemProxy */;
		};
/* End PBXTargetDependency section */

/* Begin XCBuildConfiguration section */
		1521D08B2D39B60300E7EA9A /* Debug */ = {
			isa = XCBuildConfiguration;
			baseConfigurationReference = F97EA7A7548511D4D8F3999D /* Pods-GitHubAPISampleApp.debug.xcconfig */;
			buildSettings = {
				ASSETCATALOG_COMPILER_APPICON_NAME = AppIcon;
				ASSETCATALOG_COMPILER_GLOBAL_ACCENT_COLOR_NAME = AccentColor;
				CODE_SIGN_STYLE = Automatic;
				CURRENT_PROJECT_VERSION = 1;
				DEVELOPMENT_TEAM = 8HG6PCH8MC;
				ENABLE_USER_SCRIPT_SANDBOXING = NO;
				GENERATE_INFOPLIST_FILE = YES;
				INFOPLIST_FILE = GitHubAPISampleApp/Info.plist;
				INFOPLIST_KEY_UIApplicationSupportsIndirectInputEvents = YES;
				INFOPLIST_KEY_UILaunchStoryboardName = LaunchScreen;
				INFOPLIST_KEY_UISupportedInterfaceOrientations = UIInterfaceOrientationPortrait;
				INFOPLIST_KEY_UISupportedInterfaceOrientations_iPad = "UIInterfaceOrientationLandscapeLeft UIInterfaceOrientationLandscapeRight UIInterfaceOrientationPortrait UIInterfaceOrientationPortraitUpsideDown";
				IPHONEOS_DEPLOYMENT_TARGET = 17.6;
				LD_RUNPATH_SEARCH_PATHS = (
					"$(inherited)",
					"@executable_path/Frameworks",
				);
				MARKETING_VERSION = 1.0;
				PRODUCT_BUNDLE_IDENTIFIER = victorpereiradepaula.GitHubAPISampleApp;
				PRODUCT_NAME = "$(TARGET_NAME)";
				SUPPORTED_PLATFORMS = "iphoneos iphonesimulator";
				SUPPORTS_MACCATALYST = NO;
				SUPPORTS_MAC_DESIGNED_FOR_IPHONE_IPAD = NO;
				SUPPORTS_XR_DESIGNED_FOR_IPHONE_IPAD = NO;
				SWIFT_EMIT_LOC_STRINGS = YES;
				SWIFT_VERSION = 5.0;
				TARGETED_DEVICE_FAMILY = 1;
			};
			name = Debug;
		};
		1521D08C2D39B60300E7EA9A /* Release */ = {
			isa = XCBuildConfiguration;
			baseConfigurationReference = 35FBB10A3C24F0FE12397AEF /* Pods-GitHubAPISampleApp.release.xcconfig */;
			buildSettings = {
				ASSETCATALOG_COMPILER_APPICON_NAME = AppIcon;
				ASSETCATALOG_COMPILER_GLOBAL_ACCENT_COLOR_NAME = AccentColor;
				CODE_SIGN_STYLE = Automatic;
				CURRENT_PROJECT_VERSION = 1;
				DEVELOPMENT_TEAM = 8HG6PCH8MC;
				ENABLE_USER_SCRIPT_SANDBOXING = NO;
				GENERATE_INFOPLIST_FILE = YES;
				INFOPLIST_FILE = GitHubAPISampleApp/Info.plist;
				INFOPLIST_KEY_UIApplicationSupportsIndirectInputEvents = YES;
				INFOPLIST_KEY_UILaunchStoryboardName = LaunchScreen;
				INFOPLIST_KEY_UISupportedInterfaceOrientations = UIInterfaceOrientationPortrait;
				INFOPLIST_KEY_UISupportedInterfaceOrientations_iPad = "UIInterfaceOrientationLandscapeLeft UIInterfaceOrientationLandscapeRight UIInterfaceOrientationPortrait UIInterfaceOrientationPortraitUpsideDown";
				IPHONEOS_DEPLOYMENT_TARGET = 17.6;
				LD_RUNPATH_SEARCH_PATHS = (
					"$(inherited)",
					"@executable_path/Frameworks",
				);
				MARKETING_VERSION = 1.0;
				PRODUCT_BUNDLE_IDENTIFIER = victorpereiradepaula.GitHubAPISampleApp;
				PRODUCT_NAME = "$(TARGET_NAME)";
				SUPPORTED_PLATFORMS = "iphoneos iphonesimulator";
				SUPPORTS_MACCATALYST = NO;
				SUPPORTS_MAC_DESIGNED_FOR_IPHONE_IPAD = NO;
				SUPPORTS_XR_DESIGNED_FOR_IPHONE_IPAD = NO;
				SWIFT_EMIT_LOC_STRINGS = YES;
				SWIFT_VERSION = 5.0;
				TARGETED_DEVICE_FAMILY = 1;
			};
			name = Release;
		};
		1521D08D2D39B60300E7EA9A /* Debug */ = {
			isa = XCBuildConfiguration;
			buildSettings = {
				ALWAYS_SEARCH_USER_PATHS = NO;
				ASSETCATALOG_COMPILER_GENERATE_SWIFT_ASSET_SYMBOL_EXTENSIONS = YES;
				CLANG_ANALYZER_NONNULL = YES;
				CLANG_ANALYZER_NUMBER_OBJECT_CONVERSION = YES_AGGRESSIVE;
				CLANG_CXX_LANGUAGE_STANDARD = "gnu++20";
				CLANG_ENABLE_MODULES = YES;
				CLANG_ENABLE_OBJC_ARC = YES;
				CLANG_ENABLE_OBJC_WEAK = YES;
				CLANG_WARN_BLOCK_CAPTURE_AUTORELEASING = YES;
				CLANG_WARN_BOOL_CONVERSION = YES;
				CLANG_WARN_COMMA = YES;
				CLANG_WARN_CONSTANT_CONVERSION = YES;
				CLANG_WARN_DEPRECATED_OBJC_IMPLEMENTATIONS = YES;
				CLANG_WARN_DIRECT_OBJC_ISA_USAGE = YES_ERROR;
				CLANG_WARN_DOCUMENTATION_COMMENTS = YES;
				CLANG_WARN_EMPTY_BODY = YES;
				CLANG_WARN_ENUM_CONVERSION = YES;
				CLANG_WARN_INFINITE_RECURSION = YES;
				CLANG_WARN_INT_CONVERSION = YES;
				CLANG_WARN_NON_LITERAL_NULL_CONVERSION = YES;
				CLANG_WARN_OBJC_IMPLICIT_RETAIN_SELF = YES;
				CLANG_WARN_OBJC_LITERAL_CONVERSION = YES;
				CLANG_WARN_OBJC_ROOT_CLASS = YES_ERROR;
				CLANG_WARN_QUOTED_INCLUDE_IN_FRAMEWORK_HEADER = YES;
				CLANG_WARN_RANGE_LOOP_ANALYSIS = YES;
				CLANG_WARN_STRICT_PROTOTYPES = YES;
				CLANG_WARN_SUSPICIOUS_MOVE = YES;
				CLANG_WARN_UNGUARDED_AVAILABILITY = YES_AGGRESSIVE;
				CLANG_WARN_UNREACHABLE_CODE = YES;
				CLANG_WARN__DUPLICATE_METHOD_MATCH = YES;
				COPY_PHASE_STRIP = NO;
				DEBUG_INFORMATION_FORMAT = dwarf;
				ENABLE_STRICT_OBJC_MSGSEND = YES;
				ENABLE_TESTABILITY = YES;
				ENABLE_USER_SCRIPT_SANDBOXING = YES;
				GCC_C_LANGUAGE_STANDARD = gnu17;
				GCC_DYNAMIC_NO_PIC = NO;
				GCC_NO_COMMON_BLOCKS = YES;
				GCC_OPTIMIZATION_LEVEL = 0;
				GCC_PREPROCESSOR_DEFINITIONS = (
					"DEBUG=1",
					"$(inherited)",
				);
				GCC_WARN_64_TO_32_BIT_CONVERSION = YES;
				GCC_WARN_ABOUT_RETURN_TYPE = YES_ERROR;
				GCC_WARN_UNDECLARED_SELECTOR = YES;
				GCC_WARN_UNINITIALIZED_AUTOS = YES_AGGRESSIVE;
				GCC_WARN_UNUSED_FUNCTION = YES;
				GCC_WARN_UNUSED_VARIABLE = YES;
				IPHONEOS_DEPLOYMENT_TARGET = 18.2;
				LOCALIZATION_PREFERS_STRING_CATALOGS = YES;
				MTL_ENABLE_DEBUG_INFO = INCLUDE_SOURCE;
				MTL_FAST_MATH = YES;
				ONLY_ACTIVE_ARCH = YES;
				SDKROOT = iphoneos;
				SWIFT_ACTIVE_COMPILATION_CONDITIONS = "DEBUG $(inherited)";
				SWIFT_OPTIMIZATION_LEVEL = "-Onone";
			};
			name = Debug;
		};
		1521D08E2D39B60300E7EA9A /* Release */ = {
			isa = XCBuildConfiguration;
			buildSettings = {
				ALWAYS_SEARCH_USER_PATHS = NO;
				ASSETCATALOG_COMPILER_GENERATE_SWIFT_ASSET_SYMBOL_EXTENSIONS = YES;
				CLANG_ANALYZER_NONNULL = YES;
				CLANG_ANALYZER_NUMBER_OBJECT_CONVERSION = YES_AGGRESSIVE;
				CLANG_CXX_LANGUAGE_STANDARD = "gnu++20";
				CLANG_ENABLE_MODULES = YES;
				CLANG_ENABLE_OBJC_ARC = YES;
				CLANG_ENABLE_OBJC_WEAK = YES;
				CLANG_WARN_BLOCK_CAPTURE_AUTORELEASING = YES;
				CLANG_WARN_BOOL_CONVERSION = YES;
				CLANG_WARN_COMMA = YES;
				CLANG_WARN_CONSTANT_CONVERSION = YES;
				CLANG_WARN_DEPRECATED_OBJC_IMPLEMENTATIONS = YES;
				CLANG_WARN_DIRECT_OBJC_ISA_USAGE = YES_ERROR;
				CLANG_WARN_DOCUMENTATION_COMMENTS = YES;
				CLANG_WARN_EMPTY_BODY = YES;
				CLANG_WARN_ENUM_CONVERSION = YES;
				CLANG_WARN_INFINITE_RECURSION = YES;
				CLANG_WARN_INT_CONVERSION = YES;
				CLANG_WARN_NON_LITERAL_NULL_CONVERSION = YES;
				CLANG_WARN_OBJC_IMPLICIT_RETAIN_SELF = YES;
				CLANG_WARN_OBJC_LITERAL_CONVERSION = YES;
				CLANG_WARN_OBJC_ROOT_CLASS = YES_ERROR;
				CLANG_WARN_QUOTED_INCLUDE_IN_FRAMEWORK_HEADER = YES;
				CLANG_WARN_RANGE_LOOP_ANALYSIS = YES;
				CLANG_WARN_STRICT_PROTOTYPES = YES;
				CLANG_WARN_SUSPICIOUS_MOVE = YES;
				CLANG_WARN_UNGUARDED_AVAILABILITY = YES_AGGRESSIVE;
				CLANG_WARN_UNREACHABLE_CODE = YES;
				CLANG_WARN__DUPLICATE_METHOD_MATCH = YES;
				COPY_PHASE_STRIP = NO;
				DEBUG_INFORMATION_FORMAT = "dwarf-with-dsym";
				ENABLE_NS_ASSERTIONS = NO;
				ENABLE_STRICT_OBJC_MSGSEND = YES;
				ENABLE_USER_SCRIPT_SANDBOXING = YES;
				GCC_C_LANGUAGE_STANDARD = gnu17;
				GCC_NO_COMMON_BLOCKS = YES;
				GCC_WARN_64_TO_32_BIT_CONVERSION = YES;
				GCC_WARN_ABOUT_RETURN_TYPE = YES_ERROR;
				GCC_WARN_UNDECLARED_SELECTOR = YES;
				GCC_WARN_UNINITIALIZED_AUTOS = YES_AGGRESSIVE;
				GCC_WARN_UNUSED_FUNCTION = YES;
				GCC_WARN_UNUSED_VARIABLE = YES;
				IPHONEOS_DEPLOYMENT_TARGET = 18.2;
				LOCALIZATION_PREFERS_STRING_CATALOGS = YES;
				MTL_ENABLE_DEBUG_INFO = NO;
				MTL_FAST_MATH = YES;
				SDKROOT = iphoneos;
				SWIFT_COMPILATION_MODE = wholemodule;
				VALIDATE_PRODUCT = YES;
			};
			name = Release;
		};
		1521D0902D39B60300E7EA9A /* Debug */ = {
			isa = XCBuildConfiguration;
			baseConfigurationReference = 5B1601DD01934E8CDCB132F0 /* Pods-GitHubAPISampleAppTests.debug.xcconfig */;
			buildSettings = {
				BUNDLE_LOADER = "$(TEST_HOST)";
				CODE_SIGN_STYLE = Automatic;
				CURRENT_PROJECT_VERSION = 1;
				DEVELOPMENT_TEAM = 8HG6PCH8MC;
				ENABLE_USER_SCRIPT_SANDBOXING = NO;
				GENERATE_INFOPLIST_FILE = YES;
				IPHONEOS_DEPLOYMENT_TARGET = 17.6;
				MARKETING_VERSION = 1.0;
				PRODUCT_BUNDLE_IDENTIFIER = victorpereiradepaula.GitHubAPISampleAppTests;
				PRODUCT_NAME = "$(TARGET_NAME)";
				SUPPORTED_PLATFORMS = "iphoneos iphonesimulator";
				SUPPORTS_MACCATALYST = NO;
				SUPPORTS_MAC_DESIGNED_FOR_IPHONE_IPAD = NO;
				SUPPORTS_XR_DESIGNED_FOR_IPHONE_IPAD = NO;
				SWIFT_EMIT_LOC_STRINGS = NO;
				SWIFT_VERSION = 5.0;
				TARGETED_DEVICE_FAMILY = 1;
				TEST_HOST = "$(BUILT_PRODUCTS_DIR)/GitHubAPISampleApp.app/$(BUNDLE_EXECUTABLE_FOLDER_PATH)/GitHubAPISampleApp";
			};
			name = Debug;
		};
		1521D0912D39B60300E7EA9A /* Release */ = {
			isa = XCBuildConfiguration;
			baseConfigurationReference = 38581625EAA113D5F6571B1A /* Pods-GitHubAPISampleAppTests.release.xcconfig */;
			buildSettings = {
				BUNDLE_LOADER = "$(TEST_HOST)";
				CODE_SIGN_STYLE = Automatic;
				CURRENT_PROJECT_VERSION = 1;
				DEVELOPMENT_TEAM = 8HG6PCH8MC;
				ENABLE_USER_SCRIPT_SANDBOXING = NO;
				GENERATE_INFOPLIST_FILE = YES;
				IPHONEOS_DEPLOYMENT_TARGET = 17.6;
				MARKETING_VERSION = 1.0;
				PRODUCT_BUNDLE_IDENTIFIER = victorpereiradepaula.GitHubAPISampleAppTests;
				PRODUCT_NAME = "$(TARGET_NAME)";
				SUPPORTED_PLATFORMS = "iphoneos iphonesimulator";
				SUPPORTS_MACCATALYST = NO;
				SUPPORTS_MAC_DESIGNED_FOR_IPHONE_IPAD = NO;
				SUPPORTS_XR_DESIGNED_FOR_IPHONE_IPAD = NO;
				SWIFT_EMIT_LOC_STRINGS = NO;
				SWIFT_VERSION = 5.0;
				TARGETED_DEVICE_FAMILY = 1;
				TEST_HOST = "$(BUILT_PRODUCTS_DIR)/GitHubAPISampleApp.app/$(BUNDLE_EXECUTABLE_FOLDER_PATH)/GitHubAPISampleApp";
			};
			name = Release;
		};
		1521D0932D39B60300E7EA9A /* Debug */ = {
			isa = XCBuildConfiguration;
			baseConfigurationReference = F56E8A70F7ABC9A29617B581 /* Pods-GitHubAPISampleApp-GitHubAPISampleAppUITests.debug.xcconfig */;
			buildSettings = {
				CODE_SIGN_STYLE = Automatic;
				CURRENT_PROJECT_VERSION = 1;
				DEVELOPMENT_TEAM = 8HG6PCH8MC;
				ENABLE_USER_SCRIPT_SANDBOXING = NO;
				GENERATE_INFOPLIST_FILE = YES;
				IPHONEOS_DEPLOYMENT_TARGET = 17.6;
				MARKETING_VERSION = 1.0;
				PRODUCT_BUNDLE_IDENTIFIER = victorpereiradepaula.GitHubAPISampleAppUITests;
				PRODUCT_NAME = "$(TARGET_NAME)";
				SUPPORTED_PLATFORMS = "iphoneos iphonesimulator";
				SUPPORTS_MACCATALYST = NO;
				SUPPORTS_MAC_DESIGNED_FOR_IPHONE_IPAD = NO;
				SUPPORTS_XR_DESIGNED_FOR_IPHONE_IPAD = NO;
				SWIFT_EMIT_LOC_STRINGS = NO;
				SWIFT_VERSION = 5.0;
				TARGETED_DEVICE_FAMILY = 1;
				TEST_TARGET_NAME = GitHubAPISampleApp;
			};
			name = Debug;
		};
		1521D0942D39B60300E7EA9A /* Release */ = {
			isa = XCBuildConfiguration;
			baseConfigurationReference = 2A5A756183D6CDA800D7B5E5 /* Pods-GitHubAPISampleApp-GitHubAPISampleAppUITests.release.xcconfig */;
			buildSettings = {
				CODE_SIGN_STYLE = Automatic;
				CURRENT_PROJECT_VERSION = 1;
				DEVELOPMENT_TEAM = 8HG6PCH8MC;
				ENABLE_USER_SCRIPT_SANDBOXING = NO;
				GENERATE_INFOPLIST_FILE = YES;
				IPHONEOS_DEPLOYMENT_TARGET = 17.6;
				MARKETING_VERSION = 1.0;
				PRODUCT_BUNDLE_IDENTIFIER = victorpereiradepaula.GitHubAPISampleAppUITests;
				PRODUCT_NAME = "$(TARGET_NAME)";
				SUPPORTED_PLATFORMS = "iphoneos iphonesimulator";
				SUPPORTS_MACCATALYST = NO;
				SUPPORTS_MAC_DESIGNED_FOR_IPHONE_IPAD = NO;
				SUPPORTS_XR_DESIGNED_FOR_IPHONE_IPAD = NO;
				SWIFT_EMIT_LOC_STRINGS = NO;
				SWIFT_VERSION = 5.0;
				TARGETED_DEVICE_FAMILY = 1;
				TEST_TARGET_NAME = GitHubAPISampleApp;
			};
			name = Release;
		};
/* End XCBuildConfiguration section */

/* Begin XCConfigurationList section */
		1521D05C2D39B60100E7EA9A /* Build configuration list for PBXProject "GitHubAPISampleApp" */ = {
			isa = XCConfigurationList;
			buildConfigurations = (
				1521D08D2D39B60300E7EA9A /* Debug */,
				1521D08E2D39B60300E7EA9A /* Release */,
			);
			defaultConfigurationIsVisible = 0;
			defaultConfigurationName = Release;
		};
		1521D08A2D39B60300E7EA9A /* Build configuration list for PBXNativeTarget "GitHubAPISampleApp" */ = {
			isa = XCConfigurationList;
			buildConfigurations = (
				1521D08B2D39B60300E7EA9A /* Debug */,
				1521D08C2D39B60300E7EA9A /* Release */,
			);
			defaultConfigurationIsVisible = 0;
			defaultConfigurationName = Release;
		};
		1521D08F2D39B60300E7EA9A /* Build configuration list for PBXNativeTarget "GitHubAPISampleAppTests" */ = {
			isa = XCConfigurationList;
			buildConfigurations = (
				1521D0902D39B60300E7EA9A /* Debug */,
				1521D0912D39B60300E7EA9A /* Release */,
			);
			defaultConfigurationIsVisible = 0;
			defaultConfigurationName = Release;
		};
		1521D0922D39B60300E7EA9A /* Build configuration list for PBXNativeTarget "GitHubAPISampleAppUITests" */ = {
			isa = XCConfigurationList;
			buildConfigurations = (
				1521D0932D39B60300E7EA9A /* Debug */,
				1521D0942D39B60300E7EA9A /* Release */,
			);
			defaultConfigurationIsVisible = 0;
			defaultConfigurationName = Release;
		};
/* End XCConfigurationList section */
	};
	rootObject = 1521D0592D39B60100E7EA9A /* Project object */;
}
